<Solution>
  <Folder Name="/Solution Items/">
    <File Path=".editorconfig" />
    <File Path="AGENTS.md" />
    <File Path="CLAUDE.md" />
    <File Path="CONTRIBUTING.md" />
    <File Path="BannedSymbols.txt" />
    <File Path="CodeMetricsConfig.txt" />
    <File Path="SonarLint.xml" />
    <File Path="Directory.Build.props" />
    <File Path="Directory.Build.rsp" />
    <File Path="Directory.Build.targets" />
    <File Path="Directory.Packages.props" />
    <File Path="global.json" />
    <File Path="Avala.UnitTests.slnf" />
    <File Path="dotnet-tools.json" />
    <File Path=".github/workflows/ci.yml" />
    <File Path=".github/workflows/release.yml" />
    <File Path="scripts/code-metrics.cs" />
    <File Path="scripts/metrics.cs" />
    <File Path="scripts/migration.cs" />
    <File Path="scripts/package.cs" />
    <File Path="scripts/publish-badges.cs" />
    <File Path="scripts/publish-summary.cs" />
    <File Path="scripts/session-cost.cs" />
  </Folder>
  <Folder Name="/src/">
    <Project Path="src/Avala.Host/Avala.Host.csproj" />
    <Project Path="src/Avala.Runtime/Avala.Runtime.csproj" />
    <Project Path="src/Avala.Sdk/Avala.Sdk.csproj" />
    <Project Path="src/Avala.Sdk.UI/Avala.Sdk.UI.csproj" />
    <Project Path="src/Avala.Shell/Avala.Shell.csproj" />
  </Folder>
  <Folder Name="/src/Modules/" />
  <Folder Name="/src/Modules/Agents/">
    <Project Path="src/Modules/Agents/Avala.Agents.Contracts/Avala.Agents.Contracts.csproj" />
    <Project Path="src/Modules/Agents/Avala.Agents/Avala.Agents.csproj" />
  </Folder>
  <Folder Name="/src/Modules/Workspaces/">
    <Project Path="src/Modules/Workspaces/Avala.Workspaces.Contracts/Avala.Workspaces.Contracts.csproj" />
    <Project Path="src/Modules/Workspaces/Avala.Workspaces/Avala.Workspaces.csproj" />
  </Folder>
  <Folder Name="/src/Modules/Jobs/">
    <Project Path="src/Modules/Jobs/Avala.Jobs/Avala.Jobs.csproj" />
    <Project Path="src/Modules/Jobs/Avala.Jobs.Contracts/Avala.Jobs.Contracts.csproj" />
    <Project Path="src/Modules/Jobs/Avala.Jobs.UI/Avala.Jobs.UI.csproj" />
  </Folder>
  <Folder Name="/src/Modules/Canvas/">
    <Project Path="src/Modules/Canvas/Avala.Canvas.Contracts/Avala.Canvas.Contracts.csproj" />
    <Project Path="src/Modules/Canvas/Avala.Canvas/Avala.Canvas.csproj" />
  </Folder>
  <Folder Name="/src/Modules/Observability/">
    <Project Path="src/Modules/Observability/Avala.Observability.Contracts/Avala.Observability.Contracts.csproj" />
    <Project Path="src/Modules/Observability/Avala.Observability/Avala.Observability.csproj" />
  </Folder>
  <Folder Name="/src/Modules/Verification/">
    <Project Path="src/Modules/Verification/Avala.Verification.Contracts/Avala.Verification.Contracts.csproj" />
    <Project Path="src/Modules/Verification/Avala.Verification/Avala.Verification.csproj" />
  </Folder>
  <Folder Name="/src/Modules/Permissions/">
    <Project Path="src/Modules/Permissions/Avala.Permissions.Contracts/Avala.Permissions.Contracts.csproj" />
    <Project Path="src/Modules/Permissions/Avala.Permissions/Avala.Permissions.csproj" />
  </Folder>
  <Folder Name="/src/Modules/Supervision/">
    <Project Path="src/Modules/Supervision/Avala.Supervision.Contracts/Avala.Supervision.Contracts.csproj" />
    <Project Path="src/Modules/Supervision/Avala.Supervision/Avala.Supervision.csproj" />
  </Folder>
  <Folder Name="/src/Modules/Budgets/">
    <Project Path="src/Modules/Budgets/Avala.Budgets.Contracts/Avala.Budgets.Contracts.csproj" />
    <Project Path="src/Modules/Budgets/Avala.Budgets/Avala.Budgets.csproj" />
  </Folder>
  <Folder Name="/src/Modules/Rendering/">
    <Project Path="src/Modules/Rendering/Avala.Rendering/Avala.Rendering.csproj" />
    <Project Path="src/Modules/Rendering/Avala.Rendering.UI/Avala.Rendering.UI.csproj" />
  </Folder>
  <Folder Name="/src/Modules/Mermaid/">
    <Project Path="src/Modules/Mermaid/Avala.Mermaid/Avala.Mermaid.csproj" />
    <Project Path="src/Modules/Mermaid/Avala.Mermaid.UI/Avala.Mermaid.UI.csproj" />
  </Folder>
  <Folder Name="/src/Modules/Recording/">
    <Project Path="src/Modules/Recording/Avala.Recording/Avala.Recording.csproj" />
  </Folder>
  <Folder Name="/src/Modules/Resources/">
    <Project Path="src/Modules/Resources/Avala.Resources.Contracts/Avala.Resources.Contracts.csproj" />
    <Project Path="src/Modules/Resources/Avala.Resources/Avala.Resources.csproj" />
  </Folder>
  <Folder Name="/src/Modules/Autopilot/">
    <Project Path="src/Modules/Autopilot/Avala.Autopilot.Contracts/Avala.Autopilot.Contracts.csproj" />
    <Project Path="src/Modules/Autopilot/Avala.Autopilot/Avala.Autopilot.csproj" />
  </Folder>
  <Folder Name="/src/Modules/Delegation/">
    <Project Path="src/Modules/Delegation/Avala.Delegation.Contracts/Avala.Delegation.Contracts.csproj" />
    <Project Path="src/Modules/Delegation/Avala.Delegation/Avala.Delegation.csproj" />
  </Folder>
  <Folder Name="/src/Modules/Handoffs/">
    <Project Path="src/Modules/Handoffs/Avala.Handoffs.Contracts/Avala.Handoffs.Contracts.csproj" />
    <Project Path="src/Modules/Handoffs/Avala.Handoffs/Avala.Handoffs.csproj" />
  </Folder>
  <Folder Name="/src/Modules/Triggers/">
    <Project Path="src/Modules/Triggers/Avala.Triggers.Contracts/Avala.Triggers.Contracts.csproj" />
    <Project Path="src/Modules/Triggers/Avala.Triggers/Avala.Triggers.csproj" />
  </Folder>
  <Folder Name="/src/Modules/Transcripts/">
    <Project Path="src/Modules/Transcripts/Avala.Transcripts.Contracts/Avala.Transcripts.Contracts.csproj" />
    <Project Path="src/Modules/Transcripts/Avala.Transcripts/Avala.Transcripts.csproj" />
  </Folder>
  <Folder Name="/src/Modules/Workbench/">
    <Project Path="src/Modules/Workbench/Avala.Workbench.Contracts/Avala.Workbench.Contracts.csproj" />
    <Project Path="src/Modules/Workbench/Avala.Workbench/Avala.Workbench.csproj" />
    <Project Path="src/Modules/Workbench/Avala.Workbench.UI/Avala.Workbench.UI.csproj" />
  </Folder>
  <Folder Name="/src/Modules/Simulator/">
    <Project Path="src/Modules/Simulator/Avala.Simulator.Workload/Avala.Simulator.Workload.csproj" />
    <Project Path="src/Modules/Simulator/Avala.Simulator/Avala.Simulator.csproj" />
  </Folder>
  <Folder Name="/src/Modules/ClaudeCode/">
    <Project Path="src/Modules/ClaudeCode/Avala.ClaudeCode/Avala.ClaudeCode.csproj" />
  </Folder>
  <Folder Name="/src/Shared/">
    <Project Path="src/Shared/Avala.Components.UI/Avala.Components.UI.csproj" />
    <Project Path="src/Shared/Avala.Components/Avala.Components.csproj" />
    <Project Path="src/Shared/Avala.CommandLines/Avala.CommandLines.csproj" />
    <Project Path="src/Shared/Avala.Storage/Avala.Storage.csproj" />
  </Folder>
  <Folder Name="/tests/">
    <File Path="tests/Directory.Build.props" />
    <Project Path="tests/Avala.Agents.Tests/Avala.Agents.Tests.csproj" />
    <Project Path="tests/Avala.ArchitectureTests/Avala.ArchitectureTests.csproj" />
    <Project Path="tests/Avala.Canvas.Tests/Avala.Canvas.Tests.csproj" />
    <Project Path="tests/Avala.ArchitectureTests.Fixtures.UI/Avala.ArchitectureTests.Fixtures.UI.csproj" />
    <Project Path="tests/Avala.ArchitectureTests.Fixtures/Avala.ArchitectureTests.Fixtures.csproj" />
    <Project Path="tests/Avala.Host.Tests/Avala.Host.Tests.csproj" />
    <Project Path="tests/Avala.Shell.Tests/Avala.Shell.Tests.csproj" />
    <Project Path="tests/Avala.Integration.Tests/Avala.Integration.Tests.csproj" />
    <Project Path="tests/Avala.Jobs.Tests/Avala.Jobs.Tests.csproj" />
    <Project Path="tests/Avala.Observability.Tests/Avala.Observability.Tests.csproj" />
    <Project Path="tests/Avala.Permissions.Tests/Avala.Permissions.Tests.csproj" />
    <Project Path="tests/Avala.Recording.Tests/Avala.Recording.Tests.csproj" />
    <Project Path="tests/Avala.Resources.Tests/Avala.Resources.Tests.csproj" />
    <Project Path="tests/Avala.Runtime.Tests/Avala.Runtime.Tests.csproj" />
    <Project Path="tests/Avala.Sdk.Tests/Avala.Sdk.Tests.csproj" />
    <Project Path="tests/Avala.Simulator.Tests/Avala.Simulator.Tests.csproj" />
    <Project Path="tests/Avala.Testing.UI/Avala.Testing.UI.csproj" />
    <Project Path="tests/Avala.Testing/Avala.Testing.csproj" />
    <Project Path="tests/Avala.Verification.Tests/Avala.Verification.Tests.csproj" />
    <Project Path="tests/Avala.Simulator.Workload.Tests/Avala.Simulator.Workload.Tests.csproj" />
    <Project Path="tests/Avala.Supervision.Tests/Avala.Supervision.Tests.csproj" />
    <Project Path="tests/Avala.Budgets.Tests/Avala.Budgets.Tests.csproj" />
    <Project Path="tests/Avala.Workspaces.Tests/Avala.Workspaces.Tests.csproj" />
    <Project Path="tests/Avala.Autopilot.Tests/Avala.Autopilot.Tests.csproj" />
    <Project Path="tests/Avala.Components.Tests/Avala.Components.Tests.csproj" />
    <Project Path="tests/Avala.Components.UI.Tests/Avala.Components.UI.Tests.csproj" />
    <Project Path="tests/Avala.CommandLines.Tests/Avala.CommandLines.Tests.csproj" />
    <Project Path="tests/Avala.Storage.Tests/Avala.Storage.Tests.csproj" />
    <Project Path="tests/Avala.Delegation.Tests/Avala.Delegation.Tests.csproj" />
    <Project Path="tests/Avala.Transcripts.Tests/Avala.Transcripts.Tests.csproj" />
    <Project Path="tests/Avala.Handoffs.Tests/Avala.Handoffs.Tests.csproj" />
    <Project Path="tests/Avala.Triggers.Tests/Avala.Triggers.Tests.csproj" />
    <Project Path="tests/Avala.Workbench.Tests/Avala.Workbench.Tests.csproj" />
    <Project Path="tests/Avala.Rendering.Tests/Avala.Rendering.Tests.csproj" />
    <Project Path="tests/Avala.Mermaid.Tests/Avala.Mermaid.Tests.csproj" />
    <Project Path="tests/Avala.ClaudeCode.Tests/Avala.ClaudeCode.Tests.csproj" />
    <Project Path="tests/Avala.ClaudeCode.Replay/Avala.ClaudeCode.Replay.csproj" />
  </Folder>
</Solution>
