<Solution>
  <Folder Name="/Solution Items/">
    <File Path=".editorconfig" />
    <File Path="AGENTS.md" />
    <File Path="CLAUDE.md" />
    <File Path="BannedSymbols.txt" />
    <File Path="Directory.Build.props" />
    <File Path="Directory.Build.rsp" />
    <File Path="Directory.Build.targets" />
    <File Path="Directory.Packages.props" />
    <File Path="global.json" />
    <File Path="Avala.UnitTests.slnf" />
    <File Path="dotnet-tools.json" />
    <File Path=".github/workflows/ci.yml" />
    <File Path="scripts/metrics.cs" />
    <File Path="scripts/publish-summary.cs" />
    <File Path="scripts/session-cost.cs" />
  </Folder>
  <Folder Name="/src/">
    <Project Path="src/Avala.Host/Avala.Host.csproj" />
    <Project Path="src/Avala.Runtime/Avala.Runtime.csproj" />
    <Project Path="src/Avala.Sdk/Avala.Sdk.csproj" />
    <Project Path="src/Avala.Sdk.UI/Avala.Sdk.UI.csproj" />
    <Project Path="src/Avala.Shell/Avala.Shell.csproj" />
  </Folder>
  <Folder Name="/src/Modules/" />
  <Folder Name="/src/Modules/Agents/">
    <Project Path="src/Modules/Agents/Avala.Agents.Contracts/Avala.Agents.Contracts.csproj" />
    <Project Path="src/Modules/Agents/Avala.Agents/Avala.Agents.csproj" />
  </Folder>
  <Folder Name="/src/Modules/Workspaces/">
    <Project Path="src/Modules/Workspaces/Avala.Workspaces.Contracts/Avala.Workspaces.Contracts.csproj" />
    <Project Path="src/Modules/Workspaces/Avala.Workspaces/Avala.Workspaces.csproj" />
  </Folder>
  <Folder Name="/src/Modules/Jobs/">
    <Project Path="src/Modules/Jobs/Avala.Jobs/Avala.Jobs.csproj" />
    <Project Path="src/Modules/Jobs/Avala.Jobs.Contracts/Avala.Jobs.Contracts.csproj" />
    <Project Path="src/Modules/Jobs/Avala.Jobs.UI/Avala.Jobs.UI.csproj" />
  </Folder>
  <Folder Name="/src/Modules/Simulator/">
    <Project Path="src/Modules/Simulator/Avala.Simulator/Avala.Simulator.csproj" />
  </Folder>
  <Folder Name="/tests/">
    <File Path="tests/Directory.Build.props" />
    <Project Path="tests/Avala.Agents.Tests/Avala.Agents.Tests.csproj" />
    <Project Path="tests/Avala.ArchitectureTests/Avala.ArchitectureTests.csproj" />
    <Project Path="tests/Avala.ArchitectureTests.Fixtures/Avala.ArchitectureTests.Fixtures.csproj" />
    <Project Path="tests/Avala.Shell.Tests/Avala.Shell.Tests.csproj" />
    <Project Path="tests/Avala.Integration.Tests/Avala.Integration.Tests.csproj" />
    <Project Path="tests/Avala.Jobs.Tests/Avala.Jobs.Tests.csproj" />
    <Project Path="tests/Avala.Runtime.Tests/Avala.Runtime.Tests.csproj" />
    <Project Path="tests/Avala.Sdk.Tests/Avala.Sdk.Tests.csproj" />
    <Project Path="tests/Avala.Simulator.Tests/Avala.Simulator.Tests.csproj" />
    <Project Path="tests/Avala.Testing/Avala.Testing.csproj" />
    <Project Path="tests/Avala.Workspaces.Tests/Avala.Workspaces.Tests.csproj" />
  </Folder>
</Solution>
